
Microsoft Visual Studio Solution File, Format Version 12.00
# Visual Studio 15
VisualStudioVersion = 15.0.28307.136
MinimumVisualStudioVersion = 10.0.40219.1
Project("{FAE04EC0-301F-11D3-BF4B-00C04F79EFBC}") = "ExercicioVetores", "ExercicioVetores\ExercicioVetores.csproj", "{9946D7A3-31F1-4B09-B449-5AE07FDA1B67}"
EndProject
Global
	GlobalSection(SolutionConfigurationPlatforms) = preSolution
		Debug|Any CPU = Debug|Any CPU
		Release|Any CPU = Release|Any CPU
	EndGlobalSection
	GlobalSection(ProjectConfigurationPlatforms) = postSolution
		{9946D7A3-31F1-4B09-B449-5AE07FDA1B67}.Debug|Any CPU.ActiveCfg = Debug|Any CPU
		{9946D7A3-31F1-4B09-B449-5AE07FDA1B67}.Debug|Any CPU.Build.0 = Debug|Any CPU
		{9946D7A3-31F1-4B09-B449-5AE07FDA1B67}.Release|Any CPU.ActiveCfg = Release|Any CPU
		{9946D7A3-31F1-4B09-B449-5AE07FDA1B67}.Release|Any CPU.Build.0 = Release|Any CPU
	EndGlobalSection
	GlobalSection(SolutionProperties) = preSolution
		HideSolutionNode = FALSE
	EndGlobalSection
	GlobalSection(ExtensibilityGlobals) = postSolution
		SolutionGuid = {4509213F-F07A-49A6-A635-5C90DB3A32BF}
	EndGlobalSection
EndGlobal
